// !$*UTF8*$!
{
	archiveVersion = 1;
	classes = {
	};
	objectVersion = 46;
	objects = {

/* Begin PBXBuildFile section */
		BCB5DDCF14E86899000AF3C2 /* UIKit.framework in Frameworks */ = {isa = PBXBuildFile; fileRef = BCB5DDCE14E86899000AF3C2 /* UIKit.framework */; };
		BCB5DDD114E86899000AF3C2 /* Foundation.framework in Frameworks */ = {isa = PBXBuildFile; fileRef = BCB5DDD014E86899000AF3C2 /* Foundation.framework */; };
		BCB5DDD314E86899000AF3C2 /* CoreGraphics.framework in Frameworks */ = {isa = PBXBuildFile; fileRef = BCB5DDD214E86899000AF3C2 /* CoreGraphics.framework */; };
		BCB5DDD914E86899000AF3C2 /* InfoPlist.strings in Resources */ = {isa = PBXBuildFile; fileRef = BCB5DDD714E86899000AF3C2 /* InfoPlist.strings */; };
		BCB5DDDB14E86899000AF3C2 /* main.m in Sources */ = {isa = PBXBuildFile; fileRef = BCB5DDDA14E86899000AF3C2 /* main.m */; };
		BCB5DDDF14E86899000AF3C2 /* SimpleVideoFilterAppDelegate.m in Sources */ = {isa = PBXBuildFile; fileRef = BCB5DDDE14E86899000AF3C2 /* SimpleVideoFilterAppDelegate.m */; };
		BCB5DDE814E868C0000AF3C2 /* SimpleVideoFilterViewController.m in Sources */ = {isa = PBXBuildFile; fileRef = BCB5DDE614E868C0000AF3C2 /* SimpleVideoFilterViewController.m */; };
		BCB5DDE914E868C0000AF3C2 /* SimpleVideoFilterViewController.xib in Resources */ = {isa = PBXBuildFile; fileRef = BCB5DDE714E868C0000AF3C2 /* SimpleVideoFilterViewController.xib */; };
		BCB5DDF914E876DD000AF3C2 /* AVFoundation.framework in Frameworks */ = {isa = PBXBuildFile; fileRef = BCB5DDF814E876DD000AF3C2 /* AVFoundation.framework */; };
		BCB5DDFC14E876ED000AF3C2 /* CoreMedia.framework in Frameworks */ = {isa = PBXBuildFile; fileRef = BCB5DDFA14E876ED000AF3C2 /* CoreMedia.framework */; };
		BCB5DDFD14E876ED000AF3C2 /* CoreVideo.framework in Frameworks */ = {isa = PBXBuildFile; fileRef = BCB5DDFB14E876ED000AF3C2 /* CoreVideo.framework */; settings = {ATTRIBUTES = (Weak, ); }; };
		BCB5DDFF14E87783000AF3C2 /* QuartzCore.framework in Frameworks */ = {isa = PBXBuildFile; fileRef = BCB5DDFE14E87783000AF3C2 /* QuartzCore.framework */; };
		BCB5DE0114E87789000AF3C2 /* OpenGLES.framework in Frameworks */ = {isa = PBXBuildFile; fileRef = BCB5DE0014E87789000AF3C2 /* OpenGLES.framework */; };
		BCF867511725AB5300912E34 /* libGPUImage.a in Frameworks */ = {isa = PBXBuildFile; fileRef = BCF8674C1725AB2100912E34 /* libGPUImage.a */; };
		CE9FBB2724917A6C001DB868 /* lookup_soft_elegance_2.png in Resources */ = {isa = PBXBuildFile; fileRef = CE9FBB2424917A6C001DB868 /* lookup_soft_elegance_2.png */; };
		CE9FBB382491F4FA001DB868 /* lookup_soft_elegance_1.jpg in Resources */ = {isa = PBXBuildFile; fileRef = CE9FBB332491F4FA001DB868 /* lookup_soft_elegance_1.jpg */; };
		CE9FBB392491F4FA001DB868 /* lookup_puyo.jpg in Resources */ = {isa = PBXBuildFile; fileRef = CE9FBB342491F4FA001DB868 /* lookup_puyo.jpg */; };
		CE9FBB3A2491F4FA001DB868 /* lookup_bird.jpg in Resources */ = {isa = PBXBuildFile; fileRef = CE9FBB352491F4FA001DB868 /* lookup_bird.jpg */; };
		CE9FBB3B2491F4FA001DB868 /* lookup_brick.jpg in Resources */ = {isa = PBXBuildFile; fileRef = CE9FBB362491F4FA001DB868 /* lookup_brick.jpg */; };
		CE9FBB3C2491F4FA001DB868 /* lookup_miss_etikate.jpg in Resources */ = {isa = PBXBuildFile; fileRef = CE9FBB372491F4FA001DB868 /* lookup_miss_etikate.jpg */; };
		CE9FBB3E2492125F001DB868 /* torch_icon.png in Resources */ = {isa = PBXBuildFile; fileRef = CE9FBB3D2492125F001DB868 /* torch_icon.png */; };
		CE9FBB40249216FD001DB868 /* Images.xcassets in Resources */ = {isa = PBXBuildFile; fileRef = CE9FBB3F249216FD001DB868 /* Images.xcassets */; };
		CE9FBB4224922E93001DB868 /* LaunchScreen.storyboard in Resources */ = {isa = PBXBuildFile; fileRef = CE9FBB4124922E93001DB868 /* LaunchScreen.storyboard */; };
		CE9FBB4424922F97001DB868 /* qevcam1024.png in Resources */ = {isa = PBXBuildFile; fileRef = CE9FBB4324922F97001DB868 /* qevcam1024.png */; };
		CE9FBB4624924B66001DB868 /* Photos.framework in Frameworks */ = {isa = PBXBuildFile; fileRef = CE9FBB4524924B66001DB868 /* Photos.framework */; };
		CE9FBB4B2492623D001DB868 /* torch_icon_w.png in Resources */ = {isa = PBXBuildFile; fileRef = CE9FBB4A2492623D001DB868 /* torch_icon_w.png */; };
		CE9FBB532492CC2A001DB868 /* help.txt in Resources */ = {isa = PBXBuildFile; fileRef = CE9FBB522492CC2A001DB868 /* help.txt */; };
		D30ACF271BAFE43F00E9759C /* AssetsLibrary.framework in Frameworks */ = {isa = PBXBuildFile; fileRef = D30ACF261BAFE43F00E9759C /* AssetsLibrary.framework */; };
/* End PBXBuildFile section */

/* Begin PBXContainerItemProxy section */
		BC7E93F019EB2398006D23C3 /* PBXContainerItemProxy */ = {
			isa = PBXContainerItemProxy;
			containerPortal = BCB5DDEA14E8756A000AF3C2 /* GPUImage.xcodeproj */;
			proxyType = 2;
			remoteGlobalIDString = BCE209E51943F20C002FEED8;
			remoteInfo = GPUImageFramework;
		};
		BCF8674B1725AB2100912E34 /* PBXContainerItemProxy */ = {
			isa = PBXContainerItemProxy;
			containerPortal = BCB5DDEA14E8756A000AF3C2 /* GPUImage.xcodeproj */;
			proxyType = 2;
			remoteGlobalIDString = BCF1A33414DDB1EC00852800;
			remoteInfo = GPUImage;
		};
		BCF8674F1725AB4E00912E34 /* PBXContainerItemProxy */ = {
			isa = PBXContainerItemProxy;
			containerPortal = BCB5DDEA14E8756A000AF3C2 /* GPUImage.xcodeproj */;
			proxyType = 1;
			remoteGlobalIDString = BCF1A33314DDB1EC00852800;
			remoteInfo = GPUImage;
		};
/* End PBXContainerItemProxy section */

/* Begin PBXFileReference section */
		BCB5DDCA14E86899000AF3C2 /* QEV Cam.app */ = {isa = PBXFileReference; explicitFileType = wrapper.application; includeInIndex = 0; path = "QEV Cam.app"; sourceTree = BUILT_PRODUCTS_DIR; };
		BCB5DDCE14E86899000AF3C2 /* UIKit.framework */ = {isa = PBXFileReference; lastKnownFileType = wrapper.framework; name = UIKit.framework; path = System/Library/Frameworks/UIKit.framework; sourceTree = SDKROOT; };
		BCB5DDD014E86899000AF3C2 /* Foundation.framework */ = {isa = PBXFileReference; lastKnownFileType = wrapper.framework; name = Foundation.framework; path = System/Library/Frameworks/Foundation.framework; sourceTree = SDKROOT; };
		BCB5DDD214E86899000AF3C2 /* CoreGraphics.framework */ = {isa = PBXFileReference; lastKnownFileType = wrapper.framework; name = CoreGraphics.framework; path = System/Library/Frameworks/CoreGraphics.framework; sourceTree = SDKROOT; };
		BCB5DDD614E86899000AF3C2 /* QEVCamInfo.plist */ = {isa = PBXFileReference; lastKnownFileType = text.plist.xml; path = QEVCamInfo.plist; sourceTree = "<group>"; };
		BCB5DDD814E86899000AF3C2 /* en */ = {isa = PBXFileReference; lastKnownFileType = text.plist.strings; name = en; path = en.lproj/InfoPlist.strings; sourceTree = "<group>"; };
		BCB5DDDA14E86899000AF3C2 /* main.m */ = {isa = PBXFileReference; lastKnownFileType = sourcecode.c.objc; path = main.m; sourceTree = "<group>"; };
		BCB5DDDC14E86899000AF3C2 /* SimpleVideoFilter-Prefix.pch */ = {isa = PBXFileReference; lastKnownFileType = sourcecode.c.h; path = "SimpleVideoFilter-Prefix.pch"; sourceTree = "<group>"; };
		BCB5DDDD14E86899000AF3C2 /* SimpleVideoFilterAppDelegate.h */ = {isa = PBXFileReference; lastKnownFileType = sourcecode.c.h; path = SimpleVideoFilterAppDelegate.h; sourceTree = "<group>"; };
		BCB5DDDE14E86899000AF3C2 /* SimpleVideoFilterAppDelegate.m */ = {isa = PBXFileReference; lastKnownFileType = sourcecode.c.objc; path = SimpleVideoFilterAppDelegate.m; sourceTree = "<group>"; };
		BCB5DDE514E868C0000AF3C2 /* SimpleVideoFilterViewController.h */ = {isa = PBXFileReference; fileEncoding = 4; lastKnownFileType = sourcecode.c.h; path = SimpleVideoFilterViewController.h; sourceTree = "<group>"; };
		BCB5DDE614E868C0000AF3C2 /* SimpleVideoFilterViewController.m */ = {isa = PBXFileReference; fileEncoding = 4; lastKnownFileType = sourcecode.c.objc; path = SimpleVideoFilterViewController.m; sourceTree = "<group>"; };
		BCB5DDE714E868C0000AF3C2 /* SimpleVideoFilterViewController.xib */ = {isa = PBXFileReference; fileEncoding = 4; lastKnownFileType = file.xib; path = SimpleVideoFilterViewController.xib; sourceTree = "<group>"; };
		BCB5DDEA14E8756A000AF3C2 /* GPUImage.xcodeproj */ = {isa = PBXFileReference; lastKnownFileType = "wrapper.pb-project"; name = GPUImage.xcodeproj; path = ../../../framework/GPUImage.xcodeproj; sourceTree = "<group>"; };
		BCB5DDF814E876DD000AF3C2 /* AVFoundation.framework */ = {isa = PBXFileReference; lastKnownFileType = wrapper.framework; name = AVFoundation.framework; path = System/Library/Frameworks/AVFoundation.framework; sourceTree = SDKROOT; };
		BCB5DDFA14E876ED000AF3C2 /* CoreMedia.framework */ = {isa = PBXFileReference; lastKnownFileType = wrapper.framework; name = CoreMedia.framework; path = System/Library/Frameworks/CoreMedia.framework; sourceTree = SDKROOT; };
		BCB5DDFB14E876ED000AF3C2 /* CoreVideo.framework */ = {isa = PBXFileReference; lastKnownFileType = wrapper.framework; name = CoreVideo.framework; path = System/Library/Frameworks/CoreVideo.framework; sourceTree = SDKROOT; };
		BCB5DDFE14E87783000AF3C2 /* QuartzCore.framework */ = {isa = PBXFileReference; lastKnownFileType = wrapper.framework; name = QuartzCore.framework; path = System/Library/Frameworks/QuartzCore.framework; sourceTree = SDKROOT; };
		BCB5DE0014E87789000AF3C2 /* OpenGLES.framework */ = {isa = PBXFileReference; lastKnownFileType = wrapper.framework; name = OpenGLES.framework; path = System/Library/Frameworks/OpenGLES.framework; sourceTree = SDKROOT; };
		CE9FBB2424917A6C001DB868 /* lookup_soft_elegance_2.png */ = {isa = PBXFileReference; lastKnownFileType = image.png; path = lookup_soft_elegance_2.png; sourceTree = "<group>"; };
		CE9FBB332491F4FA001DB868 /* lookup_soft_elegance_1.jpg */ = {isa = PBXFileReference; lastKnownFileType = image.jpeg; path = lookup_soft_elegance_1.jpg; sourceTree = "<group>"; };
		CE9FBB342491F4FA001DB868 /* lookup_puyo.jpg */ = {isa = PBXFileReference; lastKnownFileType = image.jpeg; path = lookup_puyo.jpg; sourceTree = "<group>"; };
		CE9FBB352491F4FA001DB868 /* lookup_bird.jpg */ = {isa = PBXFileReference; lastKnownFileType = image.jpeg; path = lookup_bird.jpg; sourceTree = "<group>"; };
		CE9FBB362491F4FA001DB868 /* lookup_brick.jpg */ = {isa = PBXFileReference; lastKnownFileType = image.jpeg; path = lookup_brick.jpg; sourceTree = "<group>"; };
		CE9FBB372491F4FA001DB868 /* lookup_miss_etikate.jpg */ = {isa = PBXFileReference; lastKnownFileType = image.jpeg; path = lookup_miss_etikate.jpg; sourceTree = "<group>"; };
		CE9FBB3D2492125F001DB868 /* torch_icon.png */ = {isa = PBXFileReference; lastKnownFileType = image.png; path = torch_icon.png; sourceTree = "<group>"; };
		CE9FBB3F249216FD001DB868 /* Images.xcassets */ = {isa = PBXFileReference; lastKnownFileType = folder.assetcatalog; path = Images.xcassets; sourceTree = "<group>"; };
		CE9FBB4124922E93001DB868 /* LaunchScreen.storyboard */ = {isa = PBXFileReference; lastKnownFileType = file.storyboard; path = LaunchScreen.storyboard; sourceTree = "<group>"; };
		CE9FBB4324922F97001DB868 /* qevcam1024.png */ = {isa = PBXFileReference; lastKnownFileType = image.png; path = qevcam1024.png; sourceTree = "<group>"; };
		CE9FBB4524924B66001DB868 /* Photos.framework */ = {isa = PBXFileReference; lastKnownFileType = wrapper.framework; name = Photos.framework; path = System/Library/Frameworks/Photos.framework; sourceTree = SDKROOT; };
		CE9FBB4A2492623D001DB868 /* torch_icon_w.png */ = {isa = PBXFileReference; lastKnownFileType = image.png; path = torch_icon_w.png; sourceTree = "<group>"; };
		CE9FBB522492CC2A001DB868 /* help.txt */ = {isa = PBXFileReference; lastKnownFileType = text; path = help.txt; sourceTree = "<group>"; };
		D30ACF261BAFE43F00E9759C /* AssetsLibrary.framework */ = {isa = PBXFileReference; lastKnownFileType = wrapper.framework; name = AssetsLibrary.framework; path = System/Library/Frameworks/AssetsLibrary.framework; sourceTree = SDKROOT; };
/* End PBXFileReference section */

/* Begin PBXFrameworksBuildPhase section */
		BCB5DDC714E86899000AF3C2 /* Frameworks */ = {
			isa = PBXFrameworksBuildPhase;
			buildActionMask = 2147483647;
			files = (
				D30ACF271BAFE43F00E9759C /* AssetsLibrary.framework in Frameworks */,
				BCF867511725AB5300912E34 /* libGPUImage.a in Frameworks */,
				BCB5DE0114E87789000AF3C2 /* OpenGLES.framework in Frameworks */,
				BCB5DDFF14E87783000AF3C2 /* QuartzCore.framework in Frameworks */,
				BCB5DDFC14E876ED000AF3C2 /* CoreMedia.framework in Frameworks */,
				BCB5DDFD14E876ED000AF3C2 /* CoreVideo.framework in Frameworks */,
				BCB5DDF914E876DD000AF3C2 /* AVFoundation.framework in Frameworks */,
				BCB5DDCF14E86899000AF3C2 /* UIKit.framework in Frameworks */,
				BCB5DDD114E86899000AF3C2 /* Foundation.framework in Frameworks */,
				CE9FBB4624924B66001DB868 /* Photos.framework in Frameworks */,
				BCB5DDD314E86899000AF3C2 /* CoreGraphics.framework in Frameworks */,
			);
			runOnlyForDeploymentPostprocessing = 0;
		};
/* End PBXFrameworksBuildPhase section */

/* Begin PBXGroup section */
		BCB5DDBF14E86899000AF3C2 = {
			isa = PBXGroup;
			children = (
				BCB5DDD414E86899000AF3C2 /* SimpleVideoFilter */,
				BCB5DDCD14E86899000AF3C2 /* Frameworks */,
				BCB5DDCB14E86899000AF3C2 /* Products */,
			);
			sourceTree = "<group>";
		};
		BCB5DDCB14E86899000AF3C2 /* Products */ = {
			isa = PBXGroup;
			children = (
				BCB5DDCA14E86899000AF3C2 /* QEV Cam.app */,
			);
			name = Products;
			sourceTree = "<group>";
		};
		BCB5DDCD14E86899000AF3C2 /* Frameworks */ = {
			isa = PBXGroup;
			children = (
				CE9FBB4524924B66001DB868 /* Photos.framework */,
				D30ACF261BAFE43F00E9759C /* AssetsLibrary.framework */,
				BCB5DDEA14E8756A000AF3C2 /* GPUImage.xcodeproj */,
				BCB5DE0014E87789000AF3C2 /* OpenGLES.framework */,
				BCB5DDFE14E87783000AF3C2 /* QuartzCore.framework */,
				BCB5DDFA14E876ED000AF3C2 /* CoreMedia.framework */,
				BCB5DDFB14E876ED000AF3C2 /* CoreVideo.framework */,
				BCB5DDF814E876DD000AF3C2 /* AVFoundation.framework */,
				BCB5DDCE14E86899000AF3C2 /* UIKit.framework */,
				BCB5DDD014E86899000AF3C2 /* Foundation.framework */,
				BCB5DDD214E86899000AF3C2 /* CoreGraphics.framework */,
			);
			name = Frameworks;
			sourceTree = "<group>";
		};
		BCB5DDD414E86899000AF3C2 /* SimpleVideoFilter */ = {
			isa = PBXGroup;
			children = (
				CE9FBB4324922F97001DB868 /* qevcam1024.png */,
				CE9FBB3D2492125F001DB868 /* torch_icon.png */,
				CE9FBB4A2492623D001DB868 /* torch_icon_w.png */,
				CE9FBB352491F4FA001DB868 /* lookup_bird.jpg */,
				CE9FBB362491F4FA001DB868 /* lookup_brick.jpg */,
				CE9FBB372491F4FA001DB868 /* lookup_miss_etikate.jpg */,
				CE9FBB342491F4FA001DB868 /* lookup_puyo.jpg */,
				CE9FBB332491F4FA001DB868 /* lookup_soft_elegance_1.jpg */,
				CE9FBB2424917A6C001DB868 /* lookup_soft_elegance_2.png */,
				BCB5DDDD14E86899000AF3C2 /* SimpleVideoFilterAppDelegate.h */,
				BCB5DDDE14E86899000AF3C2 /* SimpleVideoFilterAppDelegate.m */,
				BCB5DDE514E868C0000AF3C2 /* SimpleVideoFilterViewController.h */,
				BCB5DDE614E868C0000AF3C2 /* SimpleVideoFilterViewController.m */,
				BCB5DDE714E868C0000AF3C2 /* SimpleVideoFilterViewController.xib */,
				CE9FBB3F249216FD001DB868 /* Images.xcassets */,
				BCB5DDD514E86899000AF3C2 /* Supporting Files */,
				CE9FBB522492CC2A001DB868 /* help.txt */,
			);
			path = SimpleVideoFilter;
			sourceTree = "<group>";
		};
		BCB5DDD514E86899000AF3C2 /* Supporting Files */ = {
			isa = PBXGroup;
			children = (
				BCB5DDD614E86899000AF3C2 /* QEVCamInfo.plist */,
				BCB5DDD714E86899000AF3C2 /* InfoPlist.strings */,
				BCB5DDDA14E86899000AF3C2 /* main.m */,
				BCB5DDDC14E86899000AF3C2 /* SimpleVideoFilter-Prefix.pch */,
				CE9FBB4124922E93001DB868 /* LaunchScreen.storyboard */,
			);
			name = "Supporting Files";
			sourceTree = "<group>";
		};
		BCF867461725AB2100912E34 /* Products */ = {
			isa = PBXGroup;
			children = (
				BCF8674C1725AB2100912E34 /* libGPUImage.a */,
				BC7E93F119EB2398006D23C3 /* GPUImage.framework */,
			);
			name = Products;
			sourceTree = "<group>";
		};
/* End PBXGroup section */

/* Begin PBXNativeTarget section */
		BCB5DDC914E86899000AF3C2 /* SimpleVideoFilter */ = {
			isa = PBXNativeTarget;
			buildConfigurationList = BCB5DDE214E86899000AF3C2 /* Build configuration list for PBXNativeTarget "SimpleVideoFilter" */;
			buildPhases = (
				BCB5DDC614E86899000AF3C2 /* Sources */,
				BCB5DDC714E86899000AF3C2 /* Frameworks */,
				BCB5DDC814E86899000AF3C2 /* Resources */,
			);
			buildRules = (
			);
			dependencies = (
				BCF867501725AB4E00912E34 /* PBXTargetDependency */,
			);
			name = SimpleVideoFilter;
			productName = SimpleVideoFilter;
			productReference = BCB5DDCA14E86899000AF3C2 /* QEV Cam.app */;
			productType = "com.apple.product-type.application";
		};
/* End PBXNativeTarget section */

/* Begin PBXProject section */
		BCB5DDC114E86899000AF3C2 /* Project object */ = {
			isa = PBXProject;
			attributes = {
				LastUpgradeCheck = 0500;
				ORGANIZATIONNAME = "Cell Phone";
				TargetAttributes = {
					BCB5DDC914E86899000AF3C2 = {
						DevelopmentTeam = F866RBRTQQ;
					};
				};
			};
			buildConfigurationList = BCB5DDC414E86899000AF3C2 /* Build configuration list for PBXProject "SimpleVideoFilter" */;
			compatibilityVersion = "Xcode 3.2";
			developmentRegion = English;
			hasScannedForEncodings = 0;
			knownRegions = (
				English,
				en,
			);
			mainGroup = BCB5DDBF14E86899000AF3C2;
			productRefGroup = BCB5DDCB14E86899000AF3C2 /* Products */;
			projectDirPath = "";
			projectReferences = (
				{
					ProductGroup = BCF867461725AB2100912E34 /* Products */;
					ProjectRef = BCB5DDEA14E8756A000AF3C2 /* GPUImage.xcodeproj */;
				},
			);
			projectRoot = "";
			targets = (
				BCB5DDC914E86899000AF3C2 /* SimpleVideoFilter */,
			);
		};
/* End PBXProject section */

/* Begin PBXReferenceProxy section */
		BC7E93F119EB2398006D23C3 /* GPUImage.framework */ = {
			isa = PBXReferenceProxy;
			fileType = wrapper.framework;
			path = GPUImage.framework;
			remoteRef = BC7E93F019EB2398006D23C3 /* PBXContainerItemProxy */;
			sourceTree = BUILT_PRODUCTS_DIR;
		};
		BCF8674C1725AB2100912E34 /* libGPUImage.a */ = {
			isa = PBXReferenceProxy;
			fileType = archive.ar;
			path = libGPUImage.a;
			remoteRef = BCF8674B1725AB2100912E34 /* PBXContainerItemProxy */;
			sourceTree = BUILT_PRODUCTS_DIR;
		};
/* End PBXReferenceProxy section */

/* Begin PBXResourcesBuildPhase section */
		BCB5DDC814E86899000AF3C2 /* Resources */ = {
			isa = PBXResourcesBuildPhase;
			buildActionMask = 2147483647;
			files = (
				BCB5DDD914E86899000AF3C2 /* InfoPlist.strings in Resources */,
				CE9FBB4B2492623D001DB868 /* torch_icon_w.png in Resources */,
				CE9FBB532492CC2A001DB868 /* help.txt in Resources */,
				CE9FBB3E2492125F001DB868 /* torch_icon.png in Resources */,
				BCB5DDE914E868C0000AF3C2 /* SimpleVideoFilterViewController.xib in Resources */,
				CE9FBB2724917A6C001DB868 /* lookup_soft_elegance_2.png in Resources */,
				CE9FBB392491F4FA001DB868 /* lookup_puyo.jpg in Resources */,
				CE9FBB4424922F97001DB868 /* qevcam1024.png in Resources */,
				CE9FBB40249216FD001DB868 /* Images.xcassets in Resources */,
				CE9FBB3B2491F4FA001DB868 /* lookup_brick.jpg in Resources */,
				CE9FBB3A2491F4FA001DB868 /* lookup_bird.jpg in Resources */,
				CE9FBB382491F4FA001DB868 /* lookup_soft_elegance_1.jpg in Resources */,
				CE9FBB4224922E93001DB868 /* LaunchScreen.storyboard in Resources */,
				CE9FBB3C2491F4FA001DB868 /* lookup_miss_etikate.jpg in Resources */,
			);
			runOnlyForDeploymentPostprocessing = 0;
		};
/* End PBXResourcesBuildPhase section */

/* Begin PBXSourcesBuildPhase section */
		BCB5DDC614E86899000AF3C2 /* Sources */ = {
			isa = PBXSourcesBuildPhase;
			buildActionMask = 2147483647;
			files = (
				BCB5DDDB14E86899000AF3C2 /* main.m in Sources */,
				BCB5DDDF14E86899000AF3C2 /* SimpleVideoFilterAppDelegate.m in Sources */,
				BCB5DDE814E868C0000AF3C2 /* SimpleVideoFilterViewController.m in Sources */,
			);
			runOnlyForDeploymentPostprocessing = 0;
		};
/* End PBXSourcesBuildPhase section */

/* Begin PBXTargetDependency section */
		BCF867501725AB4E00912E34 /* PBXTargetDependency */ = {
			isa = PBXTargetDependency;
			name = GPUImage;
			targetProxy = BCF8674F1725AB4E00912E34 /* PBXContainerItemProxy */;
		};
/* End PBXTargetDependency section */

/* Begin PBXVariantGroup section */
		BCB5DDD714E86899000AF3C2 /* InfoPlist.strings */ = {
			isa = PBXVariantGroup;
			children = (
				BCB5DDD814E86899000AF3C2 /* en */,
			);
			name = InfoPlist.strings;
			sourceTree = "<group>";
		};
/* End PBXVariantGroup section */

/* Begin XCBuildConfiguration section */
		BCB5DDE014E86899000AF3C2 /* Debug */ = {
			isa = XCBuildConfiguration;
			buildSettings = {
				ALWAYS_SEARCH_USER_PATHS = NO;
				CLANG_ENABLE_OBJC_ARC = YES;
				CLANG_WARN_BOOL_CONVERSION = YES;
				CLANG_WARN_CONSTANT_CONVERSION = YES;
				CLANG_WARN_EMPTY_BODY = YES;
				CLANG_WARN_ENUM_CONVERSION = YES;
				CLANG_WARN_INT_CONVERSION = YES;
				CLANG_WARN__DUPLICATE_METHOD_MATCH = YES;
				"CODE_SIGN_IDENTITY[sdk=iphoneos*]" = "iPhone Developer";
				COPY_PHASE_STRIP = NO;
				GCC_C_LANGUAGE_STANDARD = gnu99;
				GCC_DYNAMIC_NO_PIC = NO;
				GCC_OPTIMIZATION_LEVEL = 0;
				GCC_PREPROCESSOR_DEFINITIONS = (
					"DEBUG=1",
					"$(inherited)",
				);
				GCC_SYMBOLS_PRIVATE_EXTERN = NO;
				GCC_VERSION = com.apple.compilers.llvm.clang.1_0;
				GCC_WARN_64_TO_32_BIT_CONVERSION = YES;
				GCC_WARN_ABOUT_MISSING_PROTOTYPES = YES;
				GCC_WARN_ABOUT_RETURN_TYPE = YES;
				GCC_WARN_UNDECLARED_SELECTOR = YES;
				GCC_WARN_UNINITIALIZED_AUTOS = YES;
				GCC_WARN_UNUSED_FUNCTION = YES;
				GCC_WARN_UNUSED_VARIABLE = YES;
				HEADER_SEARCH_PATHS = "../../../framework/**";
				IPHONEOS_DEPLOYMENT_TARGET = 9.0;
				ONLY_ACTIVE_ARCH = YES;
				OTHER_LDFLAGS = "-ObjC";
				SDKROOT = iphoneos;
				TARGETED_DEVICE_FAMILY = "1,2";
			};
			name = Debug;
		};
		BCB5DDE114E86899000AF3C2 /* Release */ = {
			isa = XCBuildConfiguration;
			buildSettings = {
				ALWAYS_SEARCH_USER_PATHS = NO;
				CLANG_ENABLE_OBJC_ARC = YES;
				CLANG_WARN_BOOL_CONVERSION = YES;
				CLANG_WARN_CONSTANT_CONVERSION = YES;
				CLANG_WARN_EMPTY_BODY = YES;
				CLANG_WARN_ENUM_CONVERSION = YES;
				CLANG_WARN_INT_CONVERSION = YES;
				CLANG_WARN__DUPLICATE_METHOD_MATCH = YES;
				"CODE_SIGN_IDENTITY[sdk=iphoneos*]" = "iPhone Developer";
				COPY_PHASE_STRIP = YES;
				GCC_C_LANGUAGE_STANDARD = gnu99;
				GCC_VERSION = com.apple.compilers.llvm.clang.1_0;
				GCC_WARN_64_TO_32_BIT_CONVERSION = YES;
				GCC_WARN_ABOUT_MISSING_PROTOTYPES = YES;
				GCC_WARN_ABOUT_RETURN_TYPE = YES;
				GCC_WARN_UNDECLARED_SELECTOR = YES;
				GCC_WARN_UNINITIALIZED_AUTOS = YES;
				GCC_WARN_UNUSED_FUNCTION = YES;
				GCC_WARN_UNUSED_VARIABLE = YES;
				HEADER_SEARCH_PATHS = "../../../framework/**";
				IPHONEOS_DEPLOYMENT_TARGET = 9.0;
				OTHER_CFLAGS = "-DNS_BLOCK_ASSERTIONS=1";
				OTHER_LDFLAGS = "-ObjC";
				SDKROOT = iphoneos;
				TARGETED_DEVICE_FAMILY = "1,2";
				VALIDATE_PRODUCT = YES;
			};
			name = Release;
		};
		BCB5DDE314E86899000AF3C2 /* Debug */ = {
			isa = XCBuildConfiguration;
			buildSettings = {
				ASSETCATALOG_COMPILER_APPICON_NAME = AppIcon;
				CODE_SIGN_IDENTITY = "iPhone Developer";
				CURRENT_PROJECT_VERSION = 2;
				DEVELOPMENT_TEAM = F866RBRTQQ;
				GCC_PRECOMPILE_PREFIX_HEADER = YES;
				GCC_PREFIX_HEADER = "SimpleVideoFilter/SimpleVideoFilter-Prefix.pch";
				INFOPLIST_FILE = SimpleVideoFilter/QEVCAmInfo.plist;
				IPHONEOS_DEPLOYMENT_TARGET = 9.0;
				MARKETING_VERSION = 1.0;
				PRODUCT_BUNDLE_IDENTIFIER = com.apptopia.QEVCam;
				PRODUCT_NAME = "QEV Cam";
				WRAPPER_EXTENSION = app;
			};
			name = Debug;
		};
		BCB5DDE414E86899000AF3C2 /* Release */ = {
			isa = XCBuildConfiguration;
			buildSettings = {
				ASSETCATALOG_COMPILER_APPICON_NAME = AppIcon;
				CODE_SIGN_IDENTITY = "iPhone Developer";
				CURRENT_PROJECT_VERSION = 2;
				DEVELOPMENT_TEAM = F866RBRTQQ;
				GCC_PRECOMPILE_PREFIX_HEADER = YES;
				GCC_PREFIX_HEADER = "SimpleVideoFilter/SimpleVideoFilter-Prefix.pch";
				INFOPLIST_FILE = SimpleVideoFilter/QEVCAmInfo.plist;
				IPHONEOS_DEPLOYMENT_TARGET = 9.0;
				MARKETING_VERSION = 1.0;
				PRODUCT_BUNDLE_IDENTIFIER = com.apptopia.QEVCam;
				PRODUCT_NAME = "QEV Cam";
				WRAPPER_EXTENSION = app;
			};
			name = Release;
		};
/* End XCBuildConfiguration section */

/* Begin XCConfigurationList section */
		BCB5DDC414E86899000AF3C2 /* Build configuration list for PBXProject "SimpleVideoFilter" */ = {
			isa = XCConfigurationList;
			buildConfigurations = (
				BCB5DDE014E86899000AF3C2 /* Debug */,
				BCB5DDE114E86899000AF3C2 /* Release */,
			);
			defaultConfigurationIsVisible = 0;
			defaultConfigurationName = Release;
		};
		BCB5DDE214E86899000AF3C2 /* Build configuration list for PBXNativeTarget "SimpleVideoFilter" */ = {
			isa = XCConfigurationList;
			buildConfigurations = (
				BCB5DDE314E86899000AF3C2 /* Debug */,
				BCB5DDE414E86899000AF3C2 /* Release */,
			);
			defaultConfigurationIsVisible = 0;
			defaultConfigurationName = Release;
		};
/* End XCConfigurationList section */
	};
	rootObject = BCB5DDC114E86899000AF3C2 /* Project object */;
}
